k8s.io/api v0.28.4 h1:8ZBrLjwosLl/NYgv1P7EQLqoO8MGQApnbgH8tu3BMzY=
k8s.io/api v0.28.4/go.mod h1:axWTGrY88s/5YE+JSt4uUi6NMM+gur1en2REMR7IRj0=
k8s.io/apimachinery v0.28.4 h1:zOSJe1mc+GxuMnFzD4Z/U1wst50X28ZNsn5bhgIIao8=
k8s.io/apimachinery v0.28.4/go.mod h1:wI37ncBvfAoswfq626yPTe6Bz1c22L7uaJ8dho83mgg=
k8s.io/client-go v0.28.4 h1:Np5ocjlZcTrkyRJ3+T3PkXDpe4UpatQxj85+xjaD2wY=
k8s.io/client-go v0.28.4/go.mod h1:0VDZFpgoZfelyP5Wqu0/r/TRYcLYuJ2U1KEeoaPa1N4=
